{
  "requires": true,
  "lockfileVersion": 1,
  "dependencies": {
    "react-border-wrapper": {
      "version": "1.0.3",
      "resolved": "https://registry.npmjs.org/react-border-wrapper/-/react-border-wrapper-1.0.3.tgz",
      "integrity": "sha512-S3vcsT+SOfNsp5uBivgsoHl4EOm9GMsqYTbAJyQWe1hKstpTuY9lh1YaU2pjJp1j/VScImaYLBYaYuMpiqXIvw=="
    }
  }
}
